
Microsoft Visual Studio Solution File, Format Version 12.00
# Visual Studio 15
VisualStudioVersion = 15.0.28307.539
MinimumVisualStudioVersion = 10.0.40219.1
Project("{FAE04EC0-301F-11D3-BF4B-00C04F79EFBC}") = "FlattenArrays", "FlattenArrays\FlattenArrays.csproj", "{4AA02EFB-6E57-4D01-89F0-CA1E54CF7CF2}"
EndProject
Project("{FAE04EC0-301F-11D3-BF4B-00C04F79EFBC}") = "FlattenArrays.Tests", "FlattenArrays.Tests\FlattenArrays.Tests.csproj", "{D2B2DC53-7549-4464-B934-B539E5D2AD2C}"
EndProject
Global
	GlobalSection(SolutionConfigurationPlatforms) = preSolution
		Debug|Any CPU = Debug|Any CPU
		Release|Any CPU = Release|Any CPU
	EndGlobalSection
	GlobalSection(ProjectConfigurationPlatforms) = postSolution
		{4AA02EFB-6E57-4D01-89F0-CA1E54CF7CF2}.Debug|Any CPU.ActiveCfg = Debug|Any CPU
		{4AA02EFB-6E57-4D01-89F0-CA1E54CF7CF2}.Debug|Any CPU.Build.0 = Debug|Any CPU
		{4AA02EFB-6E57-4D01-89F0-CA1E54CF7CF2}.Release|Any CPU.ActiveCfg = Release|Any CPU
		{4AA02EFB-6E57-4D01-89F0-CA1E54CF7CF2}.Release|Any CPU.Build.0 = Release|Any CPU
		{D2B2DC53-7549-4464-B934-B539E5D2AD2C}.Debug|Any CPU.ActiveCfg = Debug|Any CPU
		{D2B2DC53-7549-4464-B934-B539E5D2AD2C}.Debug|Any CPU.Build.0 = Debug|Any CPU
		{D2B2DC53-7549-4464-B934-B539E5D2AD2C}.Release|Any CPU.ActiveCfg = Release|Any CPU
		{D2B2DC53-7549-4464-B934-B539E5D2AD2C}.Release|Any CPU.Build.0 = Release|Any CPU
	EndGlobalSection
	GlobalSection(SolutionProperties) = preSolution
		HideSolutionNode = FALSE
	EndGlobalSection
	GlobalSection(ExtensibilityGlobals) = postSolution
		SolutionGuid = {0BC0E5B9-8A0A-41F1-B12E-198807DC16B2}
	EndGlobalSection
EndGlobal
